
Microsoft Visual Studio Solution File, Format Version 12.00
# Visual Studio Version 17
VisualStudioVersion = 17.3.32929.385
MinimumVisualStudioVersion = 10.0.40219.1
Project("{9A19103F-16F7-4668-BE54-9A1E7A4F7556}") = "CashFlow", "CashFlow\CashFlow.csproj", "{EA06E0BE-934F-4D2E-BF8A-7939142AF132}"
EndProject
Project("{2150E333-8FDC-42A3-9474-1A3956D46DE8}") = "1-Web", "1-Web", "{FD2311C5-56BC-4BD8-B62B-6FD3DBF6D042}"
EndProject
Project("{2150E333-8FDC-42A3-9474-1A3956D46DE8}") = "2-Application", "2-Application", "{0CA9769A-DC7A-4B52-9E1E-F00571C8848F}"
EndProject
Project("{2150E333-8FDC-42A3-9474-1A3956D46DE8}") = "3-Domain", "3-Domain", "{283C3627-7DD4-4461-BC70-42366923578E}"
EndProject
Project("{2150E333-8FDC-42A3-9474-1A3956D46DE8}") = "4-Infra", "4-Infra", "{59BABDD7-63EF-44C5-B5F0-20FE4C610CF5}"
EndProject
Project("{2150E333-8FDC-42A3-9474-1A3956D46DE8}") = "4.1-Data", "4.1-Data", "{B9645B70-A063-446A-B10B-33D7732E9EC9}"
EndProject
Project("{2150E333-8FDC-42A3-9474-1A3956D46DE8}") = "4.2-CrossCutting", "4.2-CrossCutting", "{A002B1EA-2339-45EE-AD57-11EEBE1FC613}"
EndProject
Project("{9A19103F-16F7-4668-BE54-9A1E7A4F7556}") = "CashFlow.Application", "CashFlow.Application\CashFlow.Application.csproj", "{B8CBE18C-B246-4208-A508-CA0180E52593}"
EndProject
Project("{9A19103F-16F7-4668-BE54-9A1E7A4F7556}") = "CashFlow.Domain", "CashFlow.Domain\CashFlow.Domain.csproj", "{7D178F39-FE2C-45E7-8D2A-B7E9CDD094DD}"
EndProject
Project("{9A19103F-16F7-4668-BE54-9A1E7A4F7556}") = "CashFlow.Data", "CashFlow.Data\CashFlow.Data.csproj", "{AA120963-C26D-4C0C-9375-7F564270CF7E}"
EndProject
Project("{FAE04EC0-301F-11D3-BF4B-00C04F79EFBC}") = "CashFlow.IoC", "CashFlow.IoC\CashFlow.IoC.csproj", "{053B62FC-1380-4AD8-A11A-3EAF1A1D4303}"
EndProject
Project("{2150E333-8FDC-42A3-9474-1A3956D46DE8}") = "0-Tests", "0-Tests", "{3CB30618-97B5-48A5-A357-CE646E3D7794}"
EndProject
Project("{FAE04EC0-301F-11D3-BF4B-00C04F79EFBC}") = "CashFlow.Application.Tests", "CashFlow.Application.Tests\CashFlow.Application.Tests.csproj", "{EBAB70C1-0911-4D50-8BE2-FF676C1A953D}"
EndProject
Global
	GlobalSection(SolutionConfigurationPlatforms) = preSolution
		Debug|Any CPU = Debug|Any CPU
		Release|Any CPU = Release|Any CPU
	EndGlobalSection
	GlobalSection(ProjectConfigurationPlatforms) = postSolution
		{EA06E0BE-934F-4D2E-BF8A-7939142AF132}.Debug|Any CPU.ActiveCfg = Debug|Any CPU
		{EA06E0BE-934F-4D2E-BF8A-7939142AF132}.Debug|Any CPU.Build.0 = Debug|Any CPU
		{EA06E0BE-934F-4D2E-BF8A-7939142AF132}.Release|Any CPU.ActiveCfg = Release|Any CPU
		{EA06E0BE-934F-4D2E-BF8A-7939142AF132}.Release|Any CPU.Build.0 = Release|Any CPU
		{B8CBE18C-B246-4208-A508-CA0180E52593}.Debug|Any CPU.ActiveCfg = Debug|Any CPU
		{B8CBE18C-B246-4208-A508-CA0180E52593}.Debug|Any CPU.Build.0 = Debug|Any CPU
		{B8CBE18C-B246-4208-A508-CA0180E52593}.Release|Any CPU.ActiveCfg = Release|Any CPU
		{B8CBE18C-B246-4208-A508-CA0180E52593}.Release|Any CPU.Build.0 = Release|Any CPU
		{7D178F39-FE2C-45E7-8D2A-B7E9CDD094DD}.Debug|Any CPU.ActiveCfg = Debug|Any CPU
		{7D178F39-FE2C-45E7-8D2A-B7E9CDD094DD}.Debug|Any CPU.Build.0 = Debug|Any CPU
		{7D178F39-FE2C-45E7-8D2A-B7E9CDD094DD}.Release|Any CPU.ActiveCfg = Release|Any CPU
		{7D178F39-FE2C-45E7-8D2A-B7E9CDD094DD}.Release|Any CPU.Build.0 = Release|Any CPU
		{AA120963-C26D-4C0C-9375-7F564270CF7E}.Debug|Any CPU.ActiveCfg = Debug|Any CPU
		{AA120963-C26D-4C0C-9375-7F564270CF7E}.Debug|Any CPU.Build.0 = Debug|Any CPU
		{AA120963-C26D-4C0C-9375-7F564270CF7E}.Release|Any CPU.ActiveCfg = Release|Any CPU
		{AA120963-C26D-4C0C-9375-7F564270CF7E}.Release|Any CPU.Build.0 = Release|Any CPU
		{053B62FC-1380-4AD8-A11A-3EAF1A1D4303}.Debug|Any CPU.ActiveCfg = Debug|Any CPU
		{053B62FC-1380-4AD8-A11A-3EAF1A1D4303}.Debug|Any CPU.Build.0 = Debug|Any CPU
		{053B62FC-1380-4AD8-A11A-3EAF1A1D4303}.Release|Any CPU.ActiveCfg = Release|Any CPU
		{053B62FC-1380-4AD8-A11A-3EAF1A1D4303}.Release|Any CPU.Build.0 = Release|Any CPU
		{EBAB70C1-0911-4D50-8BE2-FF676C1A953D}.Debug|Any CPU.ActiveCfg = Debug|Any CPU
		{EBAB70C1-0911-4D50-8BE2-FF676C1A953D}.Debug|Any CPU.Build.0 = Debug|Any CPU
		{EBAB70C1-0911-4D50-8BE2-FF676C1A953D}.Release|Any CPU.ActiveCfg = Release|Any CPU
		{EBAB70C1-0911-4D50-8BE2-FF676C1A953D}.Release|Any CPU.Build.0 = Release|Any CPU
	EndGlobalSection
	GlobalSection(SolutionProperties) = preSolution
		HideSolutionNode = FALSE
	EndGlobalSection
	GlobalSection(NestedProjects) = preSolution
		{EA06E0BE-934F-4D2E-BF8A-7939142AF132} = {FD2311C5-56BC-4BD8-B62B-6FD3DBF6D042}
		{B9645B70-A063-446A-B10B-33D7732E9EC9} = {59BABDD7-63EF-44C5-B5F0-20FE4C610CF5}
		{A002B1EA-2339-45EE-AD57-11EEBE1FC613} = {59BABDD7-63EF-44C5-B5F0-20FE4C610CF5}
		{B8CBE18C-B246-4208-A508-CA0180E52593} = {0CA9769A-DC7A-4B52-9E1E-F00571C8848F}
		{7D178F39-FE2C-45E7-8D2A-B7E9CDD094DD} = {283C3627-7DD4-4461-BC70-42366923578E}
		{AA120963-C26D-4C0C-9375-7F564270CF7E} = {B9645B70-A063-446A-B10B-33D7732E9EC9}
		{053B62FC-1380-4AD8-A11A-3EAF1A1D4303} = {A002B1EA-2339-45EE-AD57-11EEBE1FC613}
		{EBAB70C1-0911-4D50-8BE2-FF676C1A953D} = {3CB30618-97B5-48A5-A357-CE646E3D7794}
	EndGlobalSection
	GlobalSection(ExtensibilityGlobals) = postSolution
		SolutionGuid = {5838938E-7020-4778-A6D1-06ACCDCCFE2A}
	EndGlobalSection
EndGlobal
